version = 1
revision = 2
requires-python = ">=3.11"

[[package]]
name = "certifi"
version = "2025.4.26"
source = { registry = "https://pypi.org/simple" }
sdist = { url = "https://files.pythonhosted.org/packages/e8/9e/c05b3920a3b7d20d3d3310465f50348e5b3694f4f88c6daf736eef3024c4/certifi-2025.4.26.tar.gz", hash = "sha256:0a816057ea3cdefcef70270d2c515e4506bbc954f417fa5ade2021213bb8f0c6", size = 160705, upload-time = "2025-04-26T02:12:29.51Z" }
wheels = [
    { url = "https://files.pythonhosted.org/packages/4a/7e/3db2bd1b1f9e95f7cddca6d6e75e2f2bd9f51b1246e546d88addca0106bd/certifi-2025.4.26-py3-none-any.whl", hash = "sha256:30350364dfe371162649852c63336a15c70c6510c2ad5015b21c2345311805f3", size = 159618, upload-time = "2025-04-26T02:12:27.662Z" },
]

[[package]]
name = "charset-normalizer"
version = "3.4.2"
source = { registry = "https://pypi.org/simple" }
sdist = { url = "https://files.pythonhosted.org/packages/e4/33/89c2ced2b67d1c2a61c19c6751aa8902d46ce3dacb23600a283619f5a12d/charset_normalizer-3.4.2.tar.gz", hash = "sha256:5baececa9ecba31eff645232d59845c07aa030f0c81ee70184a90d35099a0e63", size = 126367, upload-time = "2025-05-02T08:34:42.01Z" }
wheels = [
    { url = "https://files.pythonhosted.org/packages/05/85/4c40d00dcc6284a1c1ad5de5e0996b06f39d8232f1031cd23c2f5c07ee86/charset_normalizer-3.4.2-cp311-cp311-macosx_10_9_universal2.whl", hash = "sha256:be1e352acbe3c78727a16a455126d9ff83ea2dfdcbc83148d2982305a04714c2", size = 198794, upload-time = "2025-05-02T08:32:11.945Z" },
    { url = "https://files.pythonhosted.org/packages/41/d9/7a6c0b9db952598e97e93cbdfcb91bacd89b9b88c7c983250a77c008703c/charset_normalizer-3.4.2-cp311-cp311-manylinux_2_17_aarch64.manylinux2014_aarch64.whl", hash = "sha256:aa88ca0b1932e93f2d961bf3addbb2db902198dca337d88c89e1559e066e7645", size = 142846, upload-time = "2025-05-02T08:32:13.946Z" },
    { url = "https://files.pythonhosted.org/packages/66/82/a37989cda2ace7e37f36c1a8ed16c58cf48965a79c2142713244bf945c89/charset_normalizer-3.4.2-cp311-cp311-manylinux_2_17_ppc64le.manylinux2014_ppc64le.whl", hash = "sha256:d524ba3f1581b35c03cb42beebab4a13e6cdad7b36246bd22541fa585a56cccd", size = 153350, upload-time = "2025-05-02T08:32:15.873Z" },
    { url = "https://files.pythonhosted.org/packages/df/68/a576b31b694d07b53807269d05ec3f6f1093e9545e8607121995ba7a8313/charset_normalizer-3.4.2-cp311-cp311-manylinux_2_17_s390x.manylinux2014_s390x.whl", hash = "sha256:28a1005facc94196e1fb3e82a3d442a9d9110b8434fc1ded7a24a2983c9888d8", size = 145657, upload-time = "2025-05-02T08:32:17.283Z" },
    { url = "https://files.pythonhosted.org/packages/92/9b/ad67f03d74554bed3aefd56fe836e1623a50780f7c998d00ca128924a499/charset_normalizer-3.4.2-cp311-cp311-manylinux_2_17_x86_64.manylinux2014_x86_64.whl", hash = "sha256:fdb20a30fe1175ecabed17cbf7812f7b804b8a315a25f24678bcdf120a90077f", size = 147260, upload-time = "2025-05-02T08:32:18.807Z" },
    { url = "https://files.pythonhosted.org/packages/a6/e6/8aebae25e328160b20e31a7e9929b1578bbdc7f42e66f46595a432f8539e/charset_normalizer-3.4.2-cp311-cp311-manylinux_2_5_i686.manylinux1_i686.manylinux_2_17_i686.manylinux2014_i686.whl", hash = "sha256:0f5d9ed7f254402c9e7d35d2f5972c9bbea9040e99cd2861bd77dc68263277c7", size = 149164, upload-time = "2025-05-02T08:32:20.333Z" },
    { url = "https://files.pythonhosted.org/packages/8b/f2/b3c2f07dbcc248805f10e67a0262c93308cfa149a4cd3d1fe01f593e5fd2/charset_normalizer-3.4.2-cp311-cp311-musllinux_1_2_aarch64.whl", hash = "sha256:efd387a49825780ff861998cd959767800d54f8308936b21025326de4b5a42b9", size = 144571, upload-time = "2025-05-02T08:32:21.86Z" },
    { url = "https://files.pythonhosted.org/packages/60/5b/c3f3a94bc345bc211622ea59b4bed9ae63c00920e2e8f11824aa5708e8b7/charset_normalizer-3.4.2-cp311-cp311-musllinux_1_2_i686.whl", hash = "sha256:f0aa37f3c979cf2546b73e8222bbfa3dc07a641585340179d768068e3455e544", size = 151952, upload-time = "2025-05-02T08:32:23.434Z" },
    { url = "https://files.pythonhosted.org/packages/e2/4d/ff460c8b474122334c2fa394a3f99a04cf11c646da895f81402ae54f5c42/charset_normalizer-3.4.2-cp311-cp311-musllinux_1_2_ppc64le.whl", hash = "sha256:e70e990b2137b29dc5564715de1e12701815dacc1d056308e2b17e9095372a82", size = 155959, upload-time = "2025-05-02T08:32:24.993Z" },
    { url = "https://files.pythonhosted.org/packages/a2/2b/b964c6a2fda88611a1fe3d4c400d39c66a42d6c169c924818c848f922415/charset_normalizer-3.4.2-cp311-cp311-musllinux_1_2_s390x.whl", hash = "sha256:0c8c57f84ccfc871a48a47321cfa49ae1df56cd1d965a09abe84066f6853b9c0", size = 153030, upload-time = "2025-05-02T08:32:26.435Z" },
    { url = "https://files.pythonhosted.org/packages/59/2e/d3b9811db26a5ebf444bc0fa4f4be5aa6d76fc6e1c0fd537b16c14e849b6/charset_normalizer-3.4.2-cp311-cp311-musllinux_1_2_x86_64.whl", hash = "sha256:6b66f92b17849b85cad91259efc341dce9c1af48e2173bf38a85c6329f1033e5", size = 148015, upload-time = "2025-05-02T08:32:28.376Z" },
    { url = "https://files.pythonhosted.org/packages/90/07/c5fd7c11eafd561bb51220d600a788f1c8d77c5eef37ee49454cc5c35575/charset_normalizer-3.4.2-cp311-cp311-win32.whl", hash = "sha256:daac4765328a919a805fa5e2720f3e94767abd632ae410a9062dff5412bae65a", size = 98106, upload-time = "2025-05-02T08:32:30.281Z" },
    { url = "https://files.pythonhosted.org/packages/a8/05/5e33dbef7e2f773d672b6d79f10ec633d4a71cd96db6673625838a4fd532/charset_normalizer-3.4.2-cp311-cp311-win_amd64.whl", hash = "sha256:e53efc7c7cee4c1e70661e2e112ca46a575f90ed9ae3fef200f2a25e954f4b28", size = 105402, upload-time = "2025-05-02T08:32:32.191Z" },
    { url = "https://files.pythonhosted.org/packages/d7/a4/37f4d6035c89cac7930395a35cc0f1b872e652eaafb76a6075943754f095/charset_normalizer-3.4.2-cp312-cp312-macosx_10_13_universal2.whl", hash = "sha256:0c29de6a1a95f24b9a1aa7aefd27d2487263f00dfd55a77719b530788f75cff7", size = 199936, upload-time = "2025-05-02T08:32:33.712Z" },
    { url = "https://files.pythonhosted.org/packages/ee/8a/1a5e33b73e0d9287274f899d967907cd0bf9c343e651755d9307e0dbf2b3/charset_normalizer-3.4.2-cp312-cp312-manylinux_2_17_aarch64.manylinux2014_aarch64.whl", hash = "sha256:cddf7bd982eaa998934a91f69d182aec997c6c468898efe6679af88283b498d3", size = 143790, upload-time = "2025-05-02T08:32:35.768Z" },
    { url = "https://files.pythonhosted.org/packages/66/52/59521f1d8e6ab1482164fa21409c5ef44da3e9f653c13ba71becdd98dec3/charset_normalizer-3.4.2-cp312-cp312-manylinux_2_17_ppc64le.manylinux2014_ppc64le.whl", hash = "sha256:fcbe676a55d7445b22c10967bceaaf0ee69407fbe0ece4d032b6eb8d4565982a", size = 153924, upload-time = "2025-05-02T08:32:37.284Z" },
    { url = "https://files.pythonhosted.org/packages/86/2d/fb55fdf41964ec782febbf33cb64be480a6b8f16ded2dbe8db27a405c09f/charset_normalizer-3.4.2-cp312-cp312-manylinux_2_17_s390x.manylinux2014_s390x.whl", hash = "sha256:d41c4d287cfc69060fa91cae9683eacffad989f1a10811995fa309df656ec214", size = 146626, upload-time = "2025-05-02T08:32:38.803Z" },
    { url = "https://files.pythonhosted.org/packages/8c/73/6ede2ec59bce19b3edf4209d70004253ec5f4e319f9a2e3f2f15601ed5f7/charset_normalizer-3.4.2-cp312-cp312-manylinux_2_17_x86_64.manylinux2014_x86_64.whl", hash = "sha256:4e594135de17ab3866138f496755f302b72157d115086d100c3f19370839dd3a", size = 148567, upload-time = "2025-05-02T08:32:40.251Z" },
    { url = "https://files.pythonhosted.org/packages/09/14/957d03c6dc343c04904530b6bef4e5efae5ec7d7990a7cbb868e4595ee30/charset_normalizer-3.4.2-cp312-cp312-manylinux_2_5_i686.manylinux1_i686.manylinux_2_17_i686.manylinux2014_i686.whl", hash = "sha256:cf713fe9a71ef6fd5adf7a79670135081cd4431c2943864757f0fa3a65b1fafd", size = 150957, upload-time = "2025-05-02T08:32:41.705Z" },
    { url = "https://files.pythonhosted.org/packages/0d/c8/8174d0e5c10ccebdcb1b53cc959591c4c722a3ad92461a273e86b9f5a302/charset_normalizer-3.4.2-cp312-cp312-musllinux_1_2_aarch64.whl", hash = "sha256:a370b3e078e418187da8c3674eddb9d983ec09445c99a3a263c2011993522981", size = 145408, upload-time = "2025-05-02T08:32:43.709Z" },
    { url = "https://files.pythonhosted.org/packages/58/aa/8904b84bc8084ac19dc52feb4f5952c6df03ffb460a887b42615ee1382e8/charset_normalizer-3.4.2-cp312-cp312-musllinux_1_2_i686.whl", hash = "sha256:a955b438e62efdf7e0b7b52a64dc5c3396e2634baa62471768a64bc2adb73d5c", size = 153399, upload-time = "2025-05-02T08:32:46.197Z" },
    { url = "https://files.pythonhosted.org/packages/c2/26/89ee1f0e264d201cb65cf054aca6038c03b1a0c6b4ae998070392a3ce605/charset_normalizer-3.4.2-cp312-cp312-musllinux_1_2_ppc64le.whl", hash = "sha256:7222ffd5e4de8e57e03ce2cef95a4c43c98fcb72ad86909abdfc2c17d227fc1b", size = 156815, upload-time = "2025-05-02T08:32:48.105Z" },
    { url = "https://files.pythonhosted.org/packages/fd/07/68e95b4b345bad3dbbd3a8681737b4338ff2c9df29856a6d6d23ac4c73cb/charset_normalizer-3.4.2-cp312-cp312-musllinux_1_2_s390x.whl", hash = "sha256:bee093bf902e1d8fc0ac143c88902c3dfc8941f7ea1d6a8dd2bcb786d33db03d", size = 154537, upload-time = "2025-05-02T08:32:49.719Z" },
    { url = "https://files.pythonhosted.org/packages/77/1a/5eefc0ce04affb98af07bc05f3bac9094513c0e23b0562d64af46a06aae4/charset_normalizer-3.4.2-cp312-cp312-musllinux_1_2_x86_64.whl", hash = "sha256:dedb8adb91d11846ee08bec4c8236c8549ac721c245678282dcb06b221aab59f", size = 149565, upload-time = "2025-05-02T08:32:51.404Z" },
    { url = "https://files.pythonhosted.org/packages/37/a0/2410e5e6032a174c95e0806b1a6585eb21e12f445ebe239fac441995226a/charset_normalizer-3.4.2-cp312-cp312-win32.whl", hash = "sha256:db4c7bf0e07fc3b7d89ac2a5880a6a8062056801b83ff56d8464b70f65482b6c", size = 98357, upload-time = "2025-05-02T08:32:53.079Z" },
    { url = "https://files.pythonhosted.org/packages/6c/4f/c02d5c493967af3eda9c771ad4d2bbc8df6f99ddbeb37ceea6e8716a32bc/charset_normalizer-3.4.2-cp312-cp312-win_amd64.whl", hash = "sha256:5a9979887252a82fefd3d3ed2a8e3b937a7a809f65dcb1e068b090e165bbe99e", size = 105776, upload-time = "2025-05-02T08:32:54.573Z" },
    { url = "https://files.pythonhosted.org/packages/ea/12/a93df3366ed32db1d907d7593a94f1fe6293903e3e92967bebd6950ed12c/charset_normalizer-3.4.2-cp313-cp313-macosx_10_13_universal2.whl", hash = "sha256:926ca93accd5d36ccdabd803392ddc3e03e6d4cd1cf17deff3b989ab8e9dbcf0", size = 199622, upload-time = "2025-05-02T08:32:56.363Z" },
    { url = "https://files.pythonhosted.org/packages/04/93/bf204e6f344c39d9937d3c13c8cd5bbfc266472e51fc8c07cb7f64fcd2de/charset_normalizer-3.4.2-cp313-cp313-manylinux_2_17_aarch64.manylinux2014_aarch64.whl", hash = "sha256:eba9904b0f38a143592d9fc0e19e2df0fa2e41c3c3745554761c5f6447eedabf", size = 143435, upload-time = "2025-05-02T08:32:58.551Z" },
    { url = "https://files.pythonhosted.org/packages/22/2a/ea8a2095b0bafa6c5b5a55ffdc2f924455233ee7b91c69b7edfcc9e02284/charset_normalizer-3.4.2-cp313-cp313-manylinux_2_17_ppc64le.manylinux2014_ppc64le.whl", hash = "sha256:3fddb7e2c84ac87ac3a947cb4e66d143ca5863ef48e4a5ecb83bd48619e4634e", size = 153653, upload-time = "2025-05-02T08:33:00.342Z" },
    { url = "https://files.pythonhosted.org/packages/b6/57/1b090ff183d13cef485dfbe272e2fe57622a76694061353c59da52c9a659/charset_normalizer-3.4.2-cp313-cp313-manylinux_2_17_s390x.manylinux2014_s390x.whl", hash = "sha256:98f862da73774290f251b9df8d11161b6cf25b599a66baf087c1ffe340e9bfd1", size = 146231, upload-time = "2025-05-02T08:33:02.081Z" },
    { url = "https://files.pythonhosted.org/packages/e2/28/ffc026b26f441fc67bd21ab7f03b313ab3fe46714a14b516f931abe1a2d8/charset_normalizer-3.4.2-cp313-cp313-manylinux_2_17_x86_64.manylinux2014_x86_64.whl", hash = "sha256:6c9379d65defcab82d07b2a9dfbfc2e95bc8fe0ebb1b176a3190230a3ef0e07c", size = 148243, upload-time = "2025-05-02T08:33:04.063Z" },
    { url = "https://files.pythonhosted.org/packages/c0/0f/9abe9bd191629c33e69e47c6ef45ef99773320e9ad8e9cb08b8ab4a8d4cb/charset_normalizer-3.4.2-cp313-cp313-manylinux_2_5_i686.manylinux1_i686.manylinux_2_17_i686.manylinux2014_i686.whl", hash = "sha256:e635b87f01ebc977342e2697d05b56632f5f879a4f15955dfe8cef2448b51691", size = 150442, upload-time = "2025-05-02T08:33:06.418Z" },
    { url = "https://files.pythonhosted.org/packages/67/7c/a123bbcedca91d5916c056407f89a7f5e8fdfce12ba825d7d6b9954a1a3c/charset_normalizer-3.4.2-cp313-cp313-musllinux_1_2_aarch64.whl", hash = "sha256:1c95a1e2902a8b722868587c0e1184ad5c55631de5afc0eb96bc4b0d738092c0", size = 145147, upload-time = "2025-05-02T08:33:08.183Z" },
    { url = "https://files.pythonhosted.org/packages/ec/fe/1ac556fa4899d967b83e9893788e86b6af4d83e4726511eaaad035e36595/charset_normalizer-3.4.2-cp313-cp313-musllinux_1_2_i686.whl", hash = "sha256:ef8de666d6179b009dce7bcb2ad4c4a779f113f12caf8dc77f0162c29d20490b", size = 153057, upload-time = "2025-05-02T08:33:09.986Z" },
    { url = "https://files.pythonhosted.org/packages/2b/ff/acfc0b0a70b19e3e54febdd5301a98b72fa07635e56f24f60502e954c461/charset_normalizer-3.4.2-cp313-cp313-musllinux_1_2_ppc64le.whl", hash = "sha256:32fc0341d72e0f73f80acb0a2c94216bd704f4f0bce10aedea38f30502b271ff", size = 156454, upload-time = "2025-05-02T08:33:11.814Z" },
    { url = "https://files.pythonhosted.org/packages/92/08/95b458ce9c740d0645feb0e96cea1f5ec946ea9c580a94adfe0b617f3573/charset_normalizer-3.4.2-cp313-cp313-musllinux_1_2_s390x.whl", hash = "sha256:289200a18fa698949d2b39c671c2cc7a24d44096784e76614899a7ccf2574b7b", size = 154174, upload-time = "2025-05-02T08:33:13.707Z" },
    { url = "https://files.pythonhosted.org/packages/78/be/8392efc43487ac051eee6c36d5fbd63032d78f7728cb37aebcc98191f1ff/charset_normalizer-3.4.2-cp313-cp313-musllinux_1_2_x86_64.whl", hash = "sha256:4a476b06fbcf359ad25d34a057b7219281286ae2477cc5ff5e3f70a246971148", size = 149166, upload-time = "2025-05-02T08:33:15.458Z" },
    { url = "https://files.pythonhosted.org/packages/44/96/392abd49b094d30b91d9fbda6a69519e95802250b777841cf3bda8fe136c/charset_normalizer-3.4.2-cp313-cp313-win32.whl", hash = "sha256:aaeeb6a479c7667fbe1099af9617c83aaca22182d6cf8c53966491a0f1b7ffb7", size = 98064, upload-time = "2025-05-02T08:33:17.06Z" },
    { url = "https://files.pythonhosted.org/packages/e9/b0/0200da600134e001d91851ddc797809e2fe0ea72de90e09bec5a2fbdaccb/charset_normalizer-3.4.2-cp313-cp313-win_amd64.whl", hash = "sha256:aa6af9e7d59f9c12b33ae4e9450619cf2488e2bbe9b44030905877f0b2324980", size = 105641, upload-time = "2025-05-02T08:33:18.753Z" },
    { url = "https://files.pythonhosted.org/packages/20/94/c5790835a017658cbfabd07f3bfb549140c3ac458cfc196323996b10095a/charset_normalizer-3.4.2-py3-none-any.whl", hash = "sha256:7f56930ab0abd1c45cd15be65cc741c28b1c9a34876ce8c17a2fa107810c0af0", size = 52626, upload-time = "2025-05-02T08:34:40.053Z" },
]

[[package]]
name = "idna"
version = "3.10"
source = { registry = "https://pypi.org/simple" }
sdist = { url = "https://files.pythonhosted.org/packages/f1/70/7703c29685631f5a7590aa73f1f1d3fa9a380e654b86af429e0934a32f7d/idna-3.10.tar.gz", hash = "sha256:12f65c9b470abda6dc35cf8e63cc574b1c52b11df2c86030af0ac09b01b13ea9", size = 190490, upload-time = "2024-09-15T18:07:39.745Z" }
wheels = [
    { url = "https://files.pythonhosted.org/packages/76/c6/c88e154df9c4e1a2a66ccf0005a88dfb2650c1dffb6f5ce603dfbd452ce3/idna-3.10-py3-none-any.whl", hash = "sha256:946d195a0d259cbba61165e88e65941f16e9b36ea6ddb97f00452bae8b1287d3", size = 70442, upload-time = "2024-09-15T18:07:37.964Z" },
]

[[package]]
name = "ifaddr"
version = "0.2.0"
source = { registry = "https://pypi.org/simple" }
sdist = { url = "https://files.pythonhosted.org/packages/e8/ac/fb4c578f4a3256561548cd825646680edcadb9440f3f68add95ade1eb791/ifaddr-0.2.0.tar.gz", hash = "sha256:cc0cbfcaabf765d44595825fb96a99bb12c79716b73b44330ea38ee2b0c4aed4", size = 10485, upload-time = "2022-06-15T21:40:27.561Z" }
wheels = [
    { url = "https://files.pythonhosted.org/packages/9c/1f/19ebc343cc71a7ffa78f17018535adc5cbdd87afb31d7c34874680148b32/ifaddr-0.2.0-py3-none-any.whl", hash = "sha256:085e0305cfe6f16ab12d72e2024030f5d52674afad6911bb1eee207177b8a748", size = 12314, upload-time = "2022-06-15T21:40:25.756Z" },
]

[[package]]
name = "lab-driver-daq"
version = "0.2.1"
source = { editable = "." }
dependencies = [
    { name = "numpy" },
    { name = "pyserial" },
    { name = "pyvisa" },
    { name = "pyvisa-py" },
    { name = "requests" },
    { name = "rsinstrument" },
    { name = "zeroconf" },
]

[package.metadata]
requires-dist = [
    { name = "numpy", specifier = ">=2.2.2" },
    { name = "pyserial", specifier = ">=3.5" },
    { name = "pyvisa", specifier = ">=1.14.1" },
    { name = "pyvisa-py", specifier = ">=0.7.2" },
    { name = "requests", specifier = ">=2.32.3" },
    { name = "rsinstrument", specifier = ">=1.90.0" },
    { name = "zeroconf", specifier = ">=0.141.0" },
]

[[package]]
name = "numpy"
version = "2.2.2"
source = { registry = "https://pypi.org/simple" }
sdist = { url = "https://files.pythonhosted.org/packages/ec/d0/c12ddfd3a02274be06ffc71f3efc6d0e457b0409c4481596881e748cb264/numpy-2.2.2.tar.gz", hash = "sha256:ed6906f61834d687738d25988ae117683705636936cc605be0bb208b23df4d8f", size = 20233295, upload-time = "2025-01-19T00:02:09.581Z" }
wheels = [
    { url = "https://files.pythonhosted.org/packages/21/67/32c68756eed84df181c06528ff57e09138f893c4653448c4967311e0f992/numpy-2.2.2-cp311-cp311-macosx_10_9_x86_64.whl", hash = "sha256:642199e98af1bd2b6aeb8ecf726972d238c9877b0f6e8221ee5ab945ec8a2189", size = 21220002, upload-time = "2025-01-18T23:00:41.728Z" },
    { url = "https://files.pythonhosted.org/packages/3b/89/f43bcad18f2b2e5814457b1c7f7b0e671d0db12c8c0e43397ab8cb1831ed/numpy-2.2.2-cp311-cp311-macosx_11_0_arm64.whl", hash = "sha256:6d9fc9d812c81e6168b6d405bf00b8d6739a7f72ef22a9214c4241e0dc70b323", size = 14391215, upload-time = "2025-01-18T23:01:15.534Z" },
    { url = "https://files.pythonhosted.org/packages/9c/e6/efb8cd6122bf25e86e3dd89d9dbfec9e6861c50e8810eed77d4be59b51c6/numpy-2.2.2-cp311-cp311-macosx_14_0_arm64.whl", hash = "sha256:c7d1fd447e33ee20c1f33f2c8e6634211124a9aabde3c617687d8b739aa69eac", size = 5391918, upload-time = "2025-01-18T23:01:35.138Z" },
    { url = "https://files.pythonhosted.org/packages/47/e2/fccf89d64d9b47ffb242823d4e851fc9d36fa751908c9aac2807924d9b4e/numpy-2.2.2-cp311-cp311-macosx_14_0_x86_64.whl", hash = "sha256:451e854cfae0febe723077bd0cf0a4302a5d84ff25f0bfece8f29206c7bed02e", size = 6933133, upload-time = "2025-01-18T23:01:53.087Z" },
    { url = "https://files.pythonhosted.org/packages/34/22/5ece749c0e5420a9380eef6fbf83d16a50010bd18fef77b9193d80a6760e/numpy-2.2.2-cp311-cp311-manylinux_2_17_aarch64.manylinux2014_aarch64.whl", hash = "sha256:bd249bc894af67cbd8bad2c22e7cbcd46cf87ddfca1f1289d1e7e54868cc785c", size = 14338187, upload-time = "2025-01-18T23:02:29.11Z" },
    { url = "https://files.pythonhosted.org/packages/5b/86/caec78829311f62afa6fa334c8dfcd79cffb4d24bcf96ee02ae4840d462b/numpy-2.2.2-cp311-cp311-manylinux_2_17_x86_64.manylinux2014_x86_64.whl", hash = "sha256:02935e2c3c0c6cbe9c7955a8efa8908dd4221d7755644c59d1bba28b94fd334f", size = 16393429, upload-time = "2025-01-18T23:03:00.683Z" },
    { url = "https://files.pythonhosted.org/packages/c8/4e/0c25f74c88239a37924577d6ad780f3212a50f4b4b5f54f5e8c918d726bd/numpy-2.2.2-cp311-cp311-musllinux_1_2_aarch64.whl", hash = "sha256:a972cec723e0563aa0823ee2ab1df0cb196ed0778f173b381c871a03719d4826", size = 15559103, upload-time = "2025-01-18T23:03:44.838Z" },
    { url = "https://files.pythonhosted.org/packages/d4/bd/d557f10fa50dc4d5871fb9606af563249b66af2fc6f99041a10e8757c6f1/numpy-2.2.2-cp311-cp311-musllinux_1_2_x86_64.whl", hash = "sha256:d6d6a0910c3b4368d89dde073e630882cdb266755565155bc33520283b2d9df8", size = 18182967, upload-time = "2025-01-18T23:22:14.371Z" },
    { url = "https://files.pythonhosted.org/packages/30/e9/66cc0f66386d78ed89e45a56e2a1d051e177b6e04477c4a41cd590ef4017/numpy-2.2.2-cp311-cp311-win32.whl", hash = "sha256:860fd59990c37c3ef913c3ae390b3929d005243acca1a86facb0773e2d8d9e50", size = 6571499, upload-time = "2025-01-18T23:22:28.118Z" },
    { url = "https://files.pythonhosted.org/packages/66/a3/4139296b481ae7304a43581046b8f0a20da6a0dfe0ee47a044cade796603/numpy-2.2.2-cp311-cp311-win_amd64.whl", hash = "sha256:da1eeb460ecce8d5b8608826595c777728cdf28ce7b5a5a8c8ac8d949beadcf2", size = 12919805, upload-time = "2025-01-18T23:22:56.851Z" },
    { url = "https://files.pythonhosted.org/packages/0c/e6/847d15770ab7a01e807bdfcd4ead5bdae57c0092b7dc83878171b6af97bb/numpy-2.2.2-cp312-cp312-macosx_10_13_x86_64.whl", hash = "sha256:ac9bea18d6d58a995fac1b2cb4488e17eceeac413af014b1dd26170b766d8467", size = 20912636, upload-time = "2025-01-18T23:23:58.337Z" },
    { url = "https://files.pythonhosted.org/packages/d1/af/f83580891577b13bd7e261416120e036d0d8fb508c8a43a73e38928b794b/numpy-2.2.2-cp312-cp312-macosx_11_0_arm64.whl", hash = "sha256:23ae9f0c2d889b7b2d88a3791f6c09e2ef827c2446f1c4a3e3e76328ee4afd9a", size = 14098403, upload-time = "2025-01-18T23:25:26.896Z" },
    { url = "https://files.pythonhosted.org/packages/2b/86/d019fb60a9d0f1d4cf04b014fe88a9135090adfadcc31c1fadbb071d7fa7/numpy-2.2.2-cp312-cp312-macosx_14_0_arm64.whl", hash = "sha256:3074634ea4d6df66be04f6728ee1d173cfded75d002c75fac79503a880bf3825", size = 5128938, upload-time = "2025-01-18T23:25:37.21Z" },
    { url = "https://files.pythonhosted.org/packages/7a/1b/50985edb6f1ec495a1c36452e860476f5b7ecdc3fc59ea89ccad3c4926c5/numpy-2.2.2-cp312-cp312-macosx_14_0_x86_64.whl", hash = "sha256:8ec0636d3f7d68520afc6ac2dc4b8341ddb725039de042faf0e311599f54eb37", size = 6661937, upload-time = "2025-01-18T23:26:05.86Z" },
    { url = "https://files.pythonhosted.org/packages/f4/1b/17efd94cad1b9d605c3f8907fb06bcffc4ce4d1d14d46b95316cccccf2b9/numpy-2.2.2-cp312-cp312-manylinux_2_17_aarch64.manylinux2014_aarch64.whl", hash = "sha256:2ffbb1acd69fdf8e89dd60ef6182ca90a743620957afb7066385a7bbe88dc748", size = 14049518, upload-time = "2025-01-18T23:26:33.364Z" },
    { url = "https://files.pythonhosted.org/packages/5b/73/65d2f0b698df1731e851e3295eb29a5ab8aa06f763f7e4188647a809578d/numpy-2.2.2-cp312-cp312-manylinux_2_17_x86_64.manylinux2014_x86_64.whl", hash = "sha256:0349b025e15ea9d05c3d63f9657707a4e1d471128a3b1d876c095f328f8ff7f0", size = 16099146, upload-time = "2025-01-18T23:27:15.132Z" },
    { url = "https://files.pythonhosted.org/packages/d5/69/308f55c0e19d4b5057b5df286c5433822e3c8039ede06d4051d96f1c2c4e/numpy-2.2.2-cp312-cp312-musllinux_1_2_aarch64.whl", hash = "sha256:463247edcee4a5537841d5350bc87fe8e92d7dd0e8c71c995d2c6eecb8208278", size = 15246336, upload-time = "2025-01-18T23:28:09.658Z" },
    { url = "https://files.pythonhosted.org/packages/f0/d8/d8d333ad0d8518d077a21aeea7b7c826eff766a2b1ce1194dea95ca0bacf/numpy-2.2.2-cp312-cp312-musllinux_1_2_x86_64.whl", hash = "sha256:9dd47ff0cb2a656ad69c38da850df3454da88ee9a6fde0ba79acceee0e79daba", size = 17863507, upload-time = "2025-01-18T23:28:56.146Z" },
    { url = "https://files.pythonhosted.org/packages/82/6e/0b84ad3103ffc16d6673e63b5acbe7901b2af96c2837174c6318c98e27ab/numpy-2.2.2-cp312-cp312-win32.whl", hash = "sha256:4525b88c11906d5ab1b0ec1f290996c0020dd318af8b49acaa46f198b1ffc283", size = 6276491, upload-time = "2025-01-18T23:29:09.409Z" },
    { url = "https://files.pythonhosted.org/packages/fc/84/7f801a42a67b9772a883223a0a1e12069a14626c81a732bd70aac57aebc1/numpy-2.2.2-cp312-cp312-win_amd64.whl", hash = "sha256:5acea83b801e98541619af398cc0109ff48016955cc0818f478ee9ef1c5c3dcb", size = 12616372, upload-time = "2025-01-18T23:29:46.645Z" },
    { url = "https://files.pythonhosted.org/packages/e1/fe/df5624001f4f5c3e0b78e9017bfab7fdc18a8d3b3d3161da3d64924dd659/numpy-2.2.2-cp313-cp313-macosx_10_13_x86_64.whl", hash = "sha256:b208cfd4f5fe34e1535c08983a1a6803fdbc7a1e86cf13dd0c61de0b51a0aadc", size = 20899188, upload-time = "2025-01-18T23:31:15.292Z" },
    { url = "https://files.pythonhosted.org/packages/a9/80/d349c3b5ed66bd3cb0214be60c27e32b90a506946857b866838adbe84040/numpy-2.2.2-cp313-cp313-macosx_11_0_arm64.whl", hash = "sha256:d0bbe7dd86dca64854f4b6ce2ea5c60b51e36dfd597300057cf473d3615f2369", size = 14113972, upload-time = "2025-01-18T23:31:42.323Z" },
    { url = "https://files.pythonhosted.org/packages/9d/50/949ec9cbb28c4b751edfa64503f0913cbfa8d795b4a251e7980f13a8a655/numpy-2.2.2-cp313-cp313-macosx_14_0_arm64.whl", hash = "sha256:22ea3bb552ade325530e72a0c557cdf2dea8914d3a5e1fecf58fa5dbcc6f43cd", size = 5114294, upload-time = "2025-01-18T23:31:54.219Z" },
    { url = "https://files.pythonhosted.org/packages/8d/f3/399c15629d5a0c68ef2aa7621d430b2be22034f01dd7f3c65a9c9666c445/numpy-2.2.2-cp313-cp313-macosx_14_0_x86_64.whl", hash = "sha256:128c41c085cab8a85dc29e66ed88c05613dccf6bc28b3866cd16050a2f5448be", size = 6648426, upload-time = "2025-01-18T23:32:06.055Z" },
    { url = "https://files.pythonhosted.org/packages/2c/03/c72474c13772e30e1bc2e558cdffd9123c7872b731263d5648b5c49dd459/numpy-2.2.2-cp313-cp313-manylinux_2_17_aarch64.manylinux2014_aarch64.whl", hash = "sha256:250c16b277e3b809ac20d1f590716597481061b514223c7badb7a0f9993c7f84", size = 14045990, upload-time = "2025-01-18T23:32:38.031Z" },
    { url = "https://files.pythonhosted.org/packages/83/9c/96a9ab62274ffafb023f8ee08c88d3d31ee74ca58869f859db6845494fa6/numpy-2.2.2-cp313-cp313-manylinux_2_17_x86_64.manylinux2014_x86_64.whl", hash = "sha256:e0c8854b09bc4de7b041148d8550d3bd712b5c21ff6a8ed308085f190235d7ff", size = 16096614, upload-time = "2025-01-18T23:33:12.265Z" },
    { url = "https://files.pythonhosted.org/packages/d5/34/cd0a735534c29bec7093544b3a509febc9b0df77718a9b41ffb0809c9f46/numpy-2.2.2-cp313-cp313-musllinux_1_2_aarch64.whl", hash = "sha256:b6fb9c32a91ec32a689ec6410def76443e3c750e7cfc3fb2206b985ffb2b85f0", size = 15242123, upload-time = "2025-01-18T23:33:46.412Z" },
    { url = "https://files.pythonhosted.org/packages/5e/6d/541717a554a8f56fa75e91886d9b79ade2e595918690eb5d0d3dbd3accb9/numpy-2.2.2-cp313-cp313-musllinux_1_2_x86_64.whl", hash = "sha256:57b4012e04cc12b78590a334907e01b3a85efb2107df2b8733ff1ed05fce71de", size = 17859160, upload-time = "2025-01-18T23:34:37.857Z" },
    { url = "https://files.pythonhosted.org/packages/b9/a5/fbf1f2b54adab31510728edd06a05c1b30839f37cf8c9747cb85831aaf1b/numpy-2.2.2-cp313-cp313-win32.whl", hash = "sha256:4dbd80e453bd34bd003b16bd802fac70ad76bd463f81f0c518d1245b1c55e3d9", size = 6273337, upload-time = "2025-01-18T23:40:10.83Z" },
    { url = "https://files.pythonhosted.org/packages/56/e5/01106b9291ef1d680f82bc47d0c5b5e26dfed15b0754928e8f856c82c881/numpy-2.2.2-cp313-cp313-win_amd64.whl", hash = "sha256:5a8c863ceacae696aff37d1fd636121f1a512117652e5dfb86031c8d84836369", size = 12609010, upload-time = "2025-01-18T23:40:31.34Z" },
    { url = "https://files.pythonhosted.org/packages/9f/30/f23d9876de0f08dceb707c4dcf7f8dd7588266745029debb12a3cdd40be6/numpy-2.2.2-cp313-cp313t-macosx_10_13_x86_64.whl", hash = "sha256:b3482cb7b3325faa5f6bc179649406058253d91ceda359c104dac0ad320e1391", size = 20924451, upload-time = "2025-01-18T23:35:26.639Z" },
    { url = "https://files.pythonhosted.org/packages/6a/ec/6ea85b2da9d5dfa1dbb4cb3c76587fc8ddcae580cb1262303ab21c0926c4/numpy-2.2.2-cp313-cp313t-macosx_11_0_arm64.whl", hash = "sha256:9491100aba630910489c1d0158034e1c9a6546f0b1340f716d522dc103788e39", size = 14122390, upload-time = "2025-01-18T23:36:30.596Z" },
    { url = "https://files.pythonhosted.org/packages/68/05/bfbdf490414a7dbaf65b10c78bc243f312c4553234b6d91c94eb7c4b53c2/numpy-2.2.2-cp313-cp313t-macosx_14_0_arm64.whl", hash = "sha256:41184c416143defa34cc8eb9d070b0a5ba4f13a0fa96a709e20584638254b317", size = 5156590, upload-time = "2025-01-18T23:36:52.637Z" },
    { url = "https://files.pythonhosted.org/packages/f7/ec/fe2e91b2642b9d6544518388a441bcd65c904cea38d9ff998e2e8ebf808e/numpy-2.2.2-cp313-cp313t-macosx_14_0_x86_64.whl", hash = "sha256:7dca87ca328f5ea7dafc907c5ec100d187911f94825f8700caac0b3f4c384b49", size = 6671958, upload-time = "2025-01-18T23:37:05.361Z" },
    { url = "https://files.pythonhosted.org/packages/b1/6f/6531a78e182f194d33ee17e59d67d03d0d5a1ce7f6be7343787828d1bd4a/numpy-2.2.2-cp313-cp313t-manylinux_2_17_aarch64.manylinux2014_aarch64.whl", hash = "sha256:0bc61b307655d1a7f9f4b043628b9f2b721e80839914ede634e3d485913e1fb2", size = 14019950, upload-time = "2025-01-18T23:37:38.605Z" },
    { url = "https://files.pythonhosted.org/packages/e1/fb/13c58591d0b6294a08cc40fcc6b9552d239d773d520858ae27f39997f2ae/numpy-2.2.2-cp313-cp313t-manylinux_2_17_x86_64.manylinux2014_x86_64.whl", hash = "sha256:9fad446ad0bc886855ddf5909cbf8cb5d0faa637aaa6277fb4b19ade134ab3c7", size = 16079759, upload-time = "2025-01-18T23:38:05.757Z" },
    { url = "https://files.pythonhosted.org/packages/2c/f2/f2f8edd62abb4b289f65a7f6d1f3650273af00b91b7267a2431be7f1aec6/numpy-2.2.2-cp313-cp313t-musllinux_1_2_aarch64.whl", hash = "sha256:149d1113ac15005652e8d0d3f6fd599360e1a708a4f98e43c9c77834a28238cb", size = 15226139, upload-time = "2025-01-18T23:38:38.458Z" },
    { url = "https://files.pythonhosted.org/packages/aa/29/14a177f1a90b8ad8a592ca32124ac06af5eff32889874e53a308f850290f/numpy-2.2.2-cp313-cp313t-musllinux_1_2_x86_64.whl", hash = "sha256:106397dbbb1896f99e044efc90360d098b3335060375c26aa89c0d8a97c5f648", size = 17856316, upload-time = "2025-01-18T23:39:11.454Z" },
    { url = "https://files.pythonhosted.org/packages/95/03/242ae8d7b97f4e0e4ab8dd51231465fb23ed5e802680d629149722e3faf1/numpy-2.2.2-cp313-cp313t-win32.whl", hash = "sha256:0eec19f8af947a61e968d5429f0bd92fec46d92b0008d0a6685b40d6adf8a4f4", size = 6329134, upload-time = "2025-01-18T23:39:28.128Z" },
    { url = "https://files.pythonhosted.org/packages/80/94/cd9e9b04012c015cb6320ab3bf43bc615e248dddfeb163728e800a5d96f0/numpy-2.2.2-cp313-cp313t-win_amd64.whl", hash = "sha256:97b974d3ba0fb4612b77ed35d7627490e8e3dff56ab41454d9e8b23448940576", size = 12696208, upload-time = "2025-01-18T23:39:51.85Z" },
]

[[package]]
name = "pyserial"
version = "3.5"
source = { registry = "https://pypi.org/simple" }
sdist = { url = "https://files.pythonhosted.org/packages/1e/7d/ae3f0a63f41e4d2f6cb66a5b57197850f919f59e558159a4dd3a818f5082/pyserial-3.5.tar.gz", hash = "sha256:3c77e014170dfffbd816e6ffc205e9842efb10be9f58ec16d3e8675b4925cddb", size = 159125, upload-time = "2020-11-23T03:59:15.045Z" }
wheels = [
    { url = "https://files.pythonhosted.org/packages/07/bc/587a445451b253b285629263eb51c2d8e9bcea4fc97826266d186f96f558/pyserial-3.5-py2.py3-none-any.whl", hash = "sha256:c4451db6ba391ca6ca299fb3ec7bae67a5c55dde170964c7a14ceefec02f2cf0", size = 90585, upload-time = "2020-11-23T03:59:13.41Z" },
]

[[package]]
name = "pyvisa"
version = "1.14.1"
source = { registry = "https://pypi.org/simple" }
dependencies = [
    { name = "typing-extensions" },
]
sdist = { url = "https://files.pythonhosted.org/packages/1a/77/577366efd9cff08ddfedcf14f678ff57bb1a6287ccdf157972e6d9e7b494/PyVISA-1.14.1.tar.gz", hash = "sha256:71030041ed4c5dad77687454cf44b8be4d1642e9d1aaa22019248d41d8ed7a79", size = 234683, upload-time = "2023-11-22T07:33:45.658Z" }
wheels = [
    { url = "https://files.pythonhosted.org/packages/99/a0/0e739df84e0fc61abecc6b4b70ad7aea7f5d7ee37ec504baa365c0fec9da/PyVISA-1.14.1-py3-none-any.whl", hash = "sha256:6e4dfc9b6029b4f00d0d4960348c4889c2747aa7f83276950d48a349eab36a45", size = 176651, upload-time = "2023-11-22T07:33:43.496Z" },
]

[[package]]
name = "pyvisa-py"
version = "0.7.2"
source = { registry = "https://pypi.org/simple" }
dependencies = [
    { name = "pyvisa" },
    { name = "typing-extensions" },
]
sdist = { url = "https://files.pythonhosted.org/packages/82/14/fffb2de1baaa3dd6e30940a9882d742365baffa3ba4dade0260ddaee6390/PyVISA-py-0.7.2.tar.gz", hash = "sha256:4c5f5b867858457dbebfff92a42fba2d8b046d28defbbec2a09e3c1f0850e851", size = 95701, upload-time = "2024-03-07T12:05:31.696Z" }
wheels = [
    { url = "https://files.pythonhosted.org/packages/70/7b/9c9cbb09596d00a3a5b009559e9b859ac459d01611fea6b3b655f74dc323/PyVISA_py-0.7.2-py3-none-any.whl", hash = "sha256:c53b941a5ee6547aadc5321f930c924dd5c4434891bc512fcafcdd5a4a8d110d", size = 75570, upload-time = "2024-03-07T12:05:29.72Z" },
]

[[package]]
name = "requests"
version = "2.32.3"
source = { registry = "https://pypi.org/simple" }
dependencies = [
    { name = "certifi" },
    { name = "charset-normalizer" },
    { name = "idna" },
    { name = "urllib3" },
]
sdist = { url = "https://files.pythonhosted.org/packages/63/70/2bf7780ad2d390a8d301ad0b550f1581eadbd9a20f896afe06353c2a2913/requests-2.32.3.tar.gz", hash = "sha256:55365417734eb18255590a9ff9eb97e9e1da868d4ccd6402399eaf68af20a760", size = 131218, upload-time = "2024-05-29T15:37:49.536Z" }
wheels = [
    { url = "https://files.pythonhosted.org/packages/f9/9b/335f9764261e915ed497fcdeb11df5dfd6f7bf257d4a6a2a686d80da4d54/requests-2.32.3-py3-none-any.whl", hash = "sha256:70761cfe03c773ceb22aa2f671b4757976145175cdfca038c02654d061d6dcc6", size = 64928, upload-time = "2024-05-29T15:37:47.027Z" },
]

[[package]]
name = "rsinstrument"
version = "1.90.0"
source = { registry = "https://pypi.org/simple" }
dependencies = [
    { name = "pyvisa" },
]
sdist = { url = "https://files.pythonhosted.org/packages/db/69/0b2df4dd0e14617a8e33730ed84b90002bdb1acfda99bee82261b569e49b/RsInstrument-1.90.0.tar.gz", hash = "sha256:ad13961d3516db2b5079de18191a406aa8f84f719d6202453e8c0eaac3100737", size = 103737, upload-time = "2024-10-07T13:38:00.451Z" }
wheels = [
    { url = "https://files.pythonhosted.org/packages/81/7b/7d1dd9a33595b4248b026fee2397ff73d018eaa3e7b3b32b3c9d3dd35905/RsInstrument-1.90.0-py3-none-any.whl", hash = "sha256:193941032ac3696c07cf96f311c95bcf96021afef0384524a50b214d9c46c6eb", size = 116333, upload-time = "2024-10-07T13:38:03.154Z" },
]

[[package]]
name = "typing-extensions"
version = "4.12.2"
source = { registry = "https://pypi.org/simple" }
sdist = { url = "https://files.pythonhosted.org/packages/df/db/f35a00659bc03fec321ba8bce9420de607a1d37f8342eee1863174c69557/typing_extensions-4.12.2.tar.gz", hash = "sha256:1a7ead55c7e559dd4dee8856e3a88b41225abfe1ce8df57b7c13915fe121ffb8", size = 85321, upload-time = "2024-06-07T18:52:15.995Z" }
wheels = [
    { url = "https://files.pythonhosted.org/packages/26/9f/ad63fc0248c5379346306f8668cda6e2e2e9c95e01216d2b8ffd9ff037d0/typing_extensions-4.12.2-py3-none-any.whl", hash = "sha256:04e5ca0351e0f3f85c6853954072df659d0d13fac324d0072316b67d7794700d", size = 37438, upload-time = "2024-06-07T18:52:13.582Z" },
]

[[package]]
name = "urllib3"
version = "2.4.0"
source = { registry = "https://pypi.org/simple" }
sdist = { url = "https://files.pythonhosted.org/packages/8a/78/16493d9c386d8e60e442a35feac5e00f0913c0f4b7c217c11e8ec2ff53e0/urllib3-2.4.0.tar.gz", hash = "sha256:414bc6535b787febd7567804cc015fee39daab8ad86268f1310a9250697de466", size = 390672, upload-time = "2025-04-10T15:23:39.232Z" }
wheels = [
    { url = "https://files.pythonhosted.org/packages/6b/11/cc635220681e93a0183390e26485430ca2c7b5f9d33b15c74c2861cb8091/urllib3-2.4.0-py3-none-any.whl", hash = "sha256:4e16665048960a0900c702d4a66415956a584919c03361cac9f1df5c5dd7e813", size = 128680, upload-time = "2025-04-10T15:23:37.377Z" },
]

[[package]]
name = "zeroconf"
version = "0.141.0"
source = { registry = "https://pypi.org/simple" }
dependencies = [
    { name = "ifaddr" },
]
sdist = { url = "https://files.pythonhosted.org/packages/d1/36/78f2cc563958d55b079c977ad2d4ae5d8b182f2dab9f1224d89c9b1311d3/zeroconf-0.141.0.tar.gz", hash = "sha256:c0c41cfe1331cf885f132dd2400e4091f59ae0a571cae14f3db66919a055489b", size = 162148, upload-time = "2025-01-22T22:36:09.255Z" }
wheels = [
    { url = "https://files.pythonhosted.org/packages/ae/5e/5ff918028466953249013c0eae6178f5a5e7f9ccaeebf4bbca7b991c8fe6/zeroconf-0.141.0-cp311-cp311-macosx_10_9_x86_64.whl", hash = "sha256:c69f99407f6cece54546229454dea6b3f5b3da2d4f24a8ae0f131e79ed116bcf", size = 1919115, upload-time = "2025-01-22T23:14:30.463Z" },
    { url = "https://files.pythonhosted.org/packages/13/de/409cbb41803cb965feaa76bfa8d5cc06e0384ffcb6264f920579f19d8d60/zeroconf-0.141.0-cp311-cp311-macosx_11_0_arm64.whl", hash = "sha256:9bc3aaa563077f5a3eca5e430e187e52e820b901c4cd394bfdec6569bc1b63f1", size = 1771727, upload-time = "2025-01-22T23:14:32.734Z" },
    { url = "https://files.pythonhosted.org/packages/6b/07/9b69fdd99102ee10e51a463a4fd2a2ba087a3747d4bdaca7d78479009c80/zeroconf-0.141.0-cp311-cp311-manylinux_2_17_aarch64.manylinux2014_aarch64.whl", hash = "sha256:949dcfe88cccf61144b1b9db1e2b5a4a8a39ba3272ccb8c701fe0d5424097590", size = 11378989, upload-time = "2025-01-22T23:14:34.959Z" },
    { url = "https://files.pythonhosted.org/packages/09/51/3a2c9399f2782a486cddaee99a5ec63c8e0144feecbd4729d0a2b16cc43f/zeroconf-0.141.0-cp311-cp311-manylinux_2_17_i686.manylinux_2_5_i686.manylinux1_i686.manylinux2014_i686.whl", hash = "sha256:0f46e8bf378d123598f37a38b7e7bcec93b4ccb9985582b6bff4304569afa0b7", size = 10896362, upload-time = "2025-01-22T23:14:37.783Z" },
    { url = "https://files.pythonhosted.org/packages/61/3d/e43dc54c46c58c31fef66f232c013ffe42897dc391d87f23ef5abb31ad95/zeroconf-0.141.0-cp311-cp311-manylinux_2_17_x86_64.manylinux2014_x86_64.whl", hash = "sha256:289b600fc21b404cc784cea71207dd4e3f02e4df386b0260298e0d6135260363", size = 11435869, upload-time = "2025-01-22T23:14:40.639Z" },
    { url = "https://files.pythonhosted.org/packages/6d/e2/82218049c780580020ddd6786e493b1fea7c7d9c5b46aa0482b1c256a970/zeroconf-0.141.0-cp311-cp311-musllinux_1_2_aarch64.whl", hash = "sha256:2fa94bf533e8272c46c59b8cd1f647b139d26172bb0482b9d8ce82fbcade2714", size = 11370557, upload-time = "2025-01-22T23:14:43.446Z" },
    { url = "https://files.pythonhosted.org/packages/4a/dd/cf8ce1647ffc6cd326a6b856ffe3235b698454ed9ffa10776ef3e28430b9/zeroconf-0.141.0-cp311-cp311-musllinux_1_2_i686.whl", hash = "sha256:f3b2348a1a81fb541b99987ef496ffcabbb9dfd21f7b31eccb36dfc556291439", size = 11264190, upload-time = "2025-01-22T23:14:47.419Z" },
    { url = "https://files.pythonhosted.org/packages/31/f1/2ac7e452d6c8c2e29149e088e4998efb9cb996109fb47ba4cbbec031efc2/zeroconf-0.141.0-cp311-cp311-musllinux_1_2_x86_64.whl", hash = "sha256:01e71da92eb12838593d7f79a3174621bfe523ff08a0ac28c4fd2e6dd01844d9", size = 11762210, upload-time = "2025-01-22T23:14:50.942Z" },
    { url = "https://files.pythonhosted.org/packages/b1/4f/aaa33eb5edb3c306867c6819d9917c568206d8646cfe54104b949bc2cfcb/zeroconf-0.141.0-cp311-cp311-win32.whl", hash = "sha256:0b93d660b59d3d40dde9e05f697fce9a9383629eb1413c2176af13e76237994f", size = 1424193, upload-time = "2025-01-22T23:14:54.026Z" },
    { url = "https://files.pythonhosted.org/packages/45/c7/f8b0e4666ee32e4a281f8bd859667f0d2317d1df76752f4bc598405716cb/zeroconf-0.141.0-cp311-cp311-win_amd64.whl", hash = "sha256:98b5b8d542daecdc93f91572b8259bada5e3903ac7c0a1a494861d49d5a3df5c", size = 1657234, upload-time = "2025-01-22T23:14:56.491Z" },
    { url = "https://files.pythonhosted.org/packages/2c/83/243af47e53a3b47f413088a292e3df8914d9476159bb514d28a4e19292f7/zeroconf-0.141.0-cp312-cp312-macosx_10_13_x86_64.whl", hash = "sha256:78e88a65329c6d01b8d86da10ff30893fe420c277fa92e3a0e7bf3d43bb67267", size = 1943133, upload-time = "2025-01-22T23:14:58.147Z" },
    { url = "https://files.pythonhosted.org/packages/c6/42/a8c279984268858efdf16bfa5198d3a5147849eb36a8425c58f0b0828cc2/zeroconf-0.141.0-cp312-cp312-macosx_11_0_arm64.whl", hash = "sha256:83b84883c3da4cd3f8405da7d5697ca7a734f54429db819d58add6931d1dda64", size = 1791402, upload-time = "2025-01-22T23:15:00.516Z" },
    { url = "https://files.pythonhosted.org/packages/24/3e/472f11f490f1be6e455086013537e5fbf383ae5f5e1b183a28d8ce2b734a/zeroconf-0.141.0-cp312-cp312-manylinux_2_17_aarch64.manylinux2014_aarch64.whl", hash = "sha256:7cad6cf2bf8a86c23dd5ea9e12fea7b183b2794fb4f003b825b7803b117e19ab", size = 11059732, upload-time = "2025-01-22T23:15:02.814Z" },
    { url = "https://files.pythonhosted.org/packages/17/60/8e1c6621e1011cede4950353c7455bbfb6eafd634e4a0b0f5a126141cce6/zeroconf-0.141.0-cp312-cp312-manylinux_2_17_i686.manylinux_2_5_i686.manylinux1_i686.manylinux2014_i686.whl", hash = "sha256:ff061e0b61671db2b464d1b7c34e601f9c6d0e055193b81daf3ca0508aa4477a", size = 10588822, upload-time = "2025-01-22T23:15:05.787Z" },
    { url = "https://files.pythonhosted.org/packages/04/f3/4ad3f4c558b21f57628f79380442c526c89c753e8792d7251d879ad6abcc/zeroconf-0.141.0-cp312-cp312-manylinux_2_17_x86_64.manylinux2014_x86_64.whl", hash = "sha256:988deefc110dac720911594bc012e568073d83cb13e63c1d0e9e8940c9b662f2", size = 11218977, upload-time = "2025-01-22T23:15:09.742Z" },
    { url = "https://files.pythonhosted.org/packages/4d/08/5e88533c10851586ef7eeb7669074191a45695062a45c4b19d89a1f84bbf/zeroconf-0.141.0-cp312-cp312-musllinux_1_2_aarch64.whl", hash = "sha256:f8d9fa83e5a961c2eaf0597a59b2d554b32550152ab6a7368c1f18a13f8c5462", size = 11123700, upload-time = "2025-01-22T23:15:14.15Z" },
    { url = "https://files.pythonhosted.org/packages/7e/61/cbf584a52ff3cb8fb2208e0b8c59644f3695f45d38be7a358b844485086d/zeroconf-0.141.0-cp312-cp312-musllinux_1_2_i686.whl", hash = "sha256:f64797b53828376d87cc0ab7ed13032ca87579fb6e4002e9bcd068cecf5184da", size = 11058325, upload-time = "2025-01-22T23:15:18.844Z" },
    { url = "https://files.pythonhosted.org/packages/01/1c/64ed05ec7bed619764a94cdf6c2017bf32a0900382f725f11ca324c6332d/zeroconf-0.141.0-cp312-cp312-musllinux_1_2_x86_64.whl", hash = "sha256:4a84f62e9cac180f3a57a8ad5a787b3b146ab9cf36ee939342624594070a0218", size = 11551846, upload-time = "2025-01-22T23:15:23.691Z" },
    { url = "https://files.pythonhosted.org/packages/e2/7c/1b886137f17815b8f2772723b3c30100709ba82e8b8d80fc9d4f516a8fcc/zeroconf-0.141.0-cp312-cp312-win32.whl", hash = "sha256:10cb004ccdf633af4e61dcdec39015a37015db1dac4015197afa612d96ee734d", size = 1427776, upload-time = "2025-01-22T23:15:26.216Z" },
    { url = "https://files.pythonhosted.org/packages/0e/9b/4ce335e1ea0c8b066b8780ad726a2338b7c77acff88301c2edeee4a51a1e/zeroconf-0.141.0-cp312-cp312-win_amd64.whl", hash = "sha256:a8bbf0cedea7194972d4f25c937af91ca7ef53cb67136e6c5e4028f58f1ca650", size = 1654360, upload-time = "2025-01-22T23:15:29.275Z" },
    { url = "https://files.pythonhosted.org/packages/04/02/154d73321449b9ae201f7680b2ae024c789d2540733444bce64fff57fbdc/zeroconf-0.141.0-cp313-cp313-macosx_10_13_x86_64.whl", hash = "sha256:e68581aa40820faa305f3ed56b8280c5429fd06116003560f87734f8ac7c1042", size = 1920326, upload-time = "2025-01-22T23:15:31.08Z" },
    { url = "https://files.pythonhosted.org/packages/5a/6d/0686758c525b2e0c39e6aecb452570b8592721dd3ef1a2f5bb2a5dbc9ecf/zeroconf-0.141.0-cp313-cp313-macosx_11_0_arm64.whl", hash = "sha256:2a2558b658cf7d2c255819109995d0dea00ff6e8b2cade4d2691720da91678fb", size = 1771589, upload-time = "2025-01-22T23:15:33.686Z" },
    { url = "https://files.pythonhosted.org/packages/71/7b/dd02f71b7a8f044e3ca5ee57097005b557b081ea355ec62a8cf7aab80777/zeroconf-0.141.0-cp313-cp313-manylinux_2_17_aarch64.manylinux2014_aarch64.whl", hash = "sha256:0f06b959e2d232065a6f7ca3854e61096e142932b498dfac2e28654317616186", size = 10967854, upload-time = "2025-01-22T23:15:35.917Z" },
    { url = "https://files.pythonhosted.org/packages/d7/36/aa3ad3fbbaeb815a02a1c006e433a4266f84837087e0aeb0b3a4656c5b5e/zeroconf-0.141.0-cp313-cp313-manylinux_2_17_i686.manylinux_2_5_i686.manylinux1_i686.manylinux2014_i686.whl", hash = "sha256:d982aa85c85875f62a6f81d9db683b32fd267e69546aa181426925bee951a221", size = 10490013, upload-time = "2025-01-22T23:15:39.288Z" },
    { url = "https://files.pythonhosted.org/packages/e1/4c/b01b603371be07cb038628377e9eaa896373534ac9b82e30308012d7ca17/zeroconf-0.141.0-cp313-cp313-manylinux_2_17_x86_64.manylinux2014_x86_64.whl", hash = "sha256:edc2dfb8b2f873eefdec762122b30505082600626c1cce128f039354ec4f8f55", size = 11158503, upload-time = "2025-01-22T23:15:42.429Z" },
    { url = "https://files.pythonhosted.org/packages/36/cf/27a11e048bd58a9d447336e8404fd75067e214dc65784fc469bb4c44959d/zeroconf-0.141.0-cp313-cp313-manylinux_2_36_x86_64.whl", hash = "sha256:bb4f3baf620a527dbe79024dab41c42274399c8320b4566a73551c0487138728", size = 11173264, upload-time = "2025-01-22T22:36:06.026Z" },
    { url = "https://files.pythonhosted.org/packages/e5/3d/a442b5d55373c8b60f321b6039900d5e8e326cb0ad84bc0b6d265e252537/zeroconf-0.141.0-cp313-cp313-musllinux_1_2_aarch64.whl", hash = "sha256:ec37061648c4dd6d45299ed4f4eda7d1d1f348df0f841eff580d3f9dead1ad10", size = 11023886, upload-time = "2025-01-22T23:15:45.325Z" },
    { url = "https://files.pythonhosted.org/packages/3e/ea/2fdc045b9b95ed686365b49a4ba2e869cfb69854954d36efadd437ed69ec/zeroconf-0.141.0-cp313-cp313-musllinux_1_2_i686.whl", hash = "sha256:95e01e5176315de3ad6845e80e3f22dfe8205a98032ce7188579a32dc0c160be", size = 10952762, upload-time = "2025-01-22T23:15:49.343Z" },
    { url = "https://files.pythonhosted.org/packages/00/4f/09253225132bb21584a993985c9aa9a888dc1f5c846d1446500749888899/zeroconf-0.141.0-cp313-cp313-musllinux_1_2_x86_64.whl", hash = "sha256:ef9525d7daaeda040fcee7d5a14de90581b7a8e294e3b32586e460b210849673", size = 11468181, upload-time = "2025-01-22T23:15:53.374Z" },
    { url = "https://files.pythonhosted.org/packages/d5/fd/e983acc0109f0e6435b45462280fcd932683bad896375b90b6b623d995a8/zeroconf-0.141.0-cp313-cp313-win32.whl", hash = "sha256:d29db64eb2100c9dcc213ed11996befe726380b4d01190054dd5c4d03a7e9037", size = 1423787, upload-time = "2025-01-22T23:15:56.039Z" },
    { url = "https://files.pythonhosted.org/packages/ed/e8/297727f46aac1dc10ce23fb0aaa5477cc8fb43fd91beb092ccb98ed81142/zeroconf-0.141.0-cp313-cp313-win_amd64.whl", hash = "sha256:0d56045752baa5d5363bd72bb140d2c5f0edd6d0ee298b5b20a86cf34db333ef", size = 1649643, upload-time = "2025-01-22T23:15:57.978Z" },
]
